
Microsoft Visual Studio Solution File, Format Version 12.00
# Visual Studio Version 17
VisualStudioVersion = 17.0.31903.59
MinimumVisualStudioVersion = 10.0.40219.1
Project("{9A19103F-16F7-4668-BE54-9A1E7A4F7556}") = "PDFKawankasi", "PDFKawankasi\PDFKawankasi.csproj", "{A1B2C3D4-E5F6-7890-ABCD-EF1234567890}"
EndProject
Project("{C7167F0D-BC9F-4E6E-AFE1-012C56B48DB5}") = "PDFKawankasi.Package", "PDFKawankasi\PDFKawankasi.Package\PDFKawankasi.Package.wapproj", "{702511CB-908C-4742-8133-5E1818049AA0}"
EndProject
Project("{C7167F0D-BC9F-4E6E-AFE1-012C56B48DB5}") = "WapProjTemplate1", "WapProjTemplate1\WapProjTemplate1.wapproj", "{78515480-5D50-4FC9-BFA0-D5476A47F308}"
EndProject
Global
	GlobalSection(SolutionConfigurationPlatforms) = preSolution
		Debug|Any CPU = Debug|Any CPU
		Debug|ARM64 = Debug|ARM64
		Debug|x64 = Debug|x64
		Debug|x86 = Debug|x86
		Release|Any CPU = Release|Any CPU
		Release|ARM64 = Release|ARM64
		Release|x64 = Release|x64
		Release|x86 = Release|x86
	EndGlobalSection
	GlobalSection(ProjectConfigurationPlatforms) = postSolution
		{A1B2C3D4-E5F6-7890-ABCD-EF1234567890}.Debug|Any CPU.ActiveCfg = Debug|Any CPU
		{A1B2C3D4-E5F6-7890-ABCD-EF1234567890}.Debug|Any CPU.Build.0 = Debug|Any CPU
		{A1B2C3D4-E5F6-7890-ABCD-EF1234567890}.Debug|ARM64.ActiveCfg = Debug|ARM64
		{A1B2C3D4-E5F6-7890-ABCD-EF1234567890}.Debug|ARM64.Build.0 = Debug|ARM64
		{A1B2C3D4-E5F6-7890-ABCD-EF1234567890}.Debug|x64.ActiveCfg = Debug|x64
		{A1B2C3D4-E5F6-7890-ABCD-EF1234567890}.Debug|x64.Build.0 = Debug|x64
		{A1B2C3D4-E5F6-7890-ABCD-EF1234567890}.Debug|x86.ActiveCfg = Debug|x86
		{A1B2C3D4-E5F6-7890-ABCD-EF1234567890}.Debug|x86.Build.0 = Debug|x86
		{A1B2C3D4-E5F6-7890-ABCD-EF1234567890}.Release|Any CPU.ActiveCfg = Release|Any CPU
		{A1B2C3D4-E5F6-7890-ABCD-EF1234567890}.Release|Any CPU.Build.0 = Release|Any CPU
		{A1B2C3D4-E5F6-7890-ABCD-EF1234567890}.Release|ARM64.ActiveCfg = Release|ARM64
		{A1B2C3D4-E5F6-7890-ABCD-EF1234567890}.Release|ARM64.Build.0 = Release|ARM64
		{A1B2C3D4-E5F6-7890-ABCD-EF1234567890}.Release|x64.ActiveCfg = Release|x64
		{A1B2C3D4-E5F6-7890-ABCD-EF1234567890}.Release|x64.Build.0 = Release|x64
		{A1B2C3D4-E5F6-7890-ABCD-EF1234567890}.Release|x86.ActiveCfg = Release|x86
		{A1B2C3D4-E5F6-7890-ABCD-EF1234567890}.Release|x86.Build.0 = Release|x86
		{702511CB-908C-4742-8133-5E1818049AA0}.Debug|Any CPU.ActiveCfg = Debug|x86
		{702511CB-908C-4742-8133-5E1818049AA0}.Debug|Any CPU.Build.0 = Debug|x86
		{702511CB-908C-4742-8133-5E1818049AA0}.Debug|ARM64.ActiveCfg = Debug|ARM64
		{702511CB-908C-4742-8133-5E1818049AA0}.Debug|ARM64.Build.0 = Debug|ARM64
		{702511CB-908C-4742-8133-5E1818049AA0}.Debug|ARM64.Deploy.0 = Debug|ARM64
		{702511CB-908C-4742-8133-5E1818049AA0}.Debug|x64.ActiveCfg = Debug|x64
		{702511CB-908C-4742-8133-5E1818049AA0}.Debug|x64.Build.0 = Debug|x64
		{702511CB-908C-4742-8133-5E1818049AA0}.Debug|x64.Deploy.0 = Debug|x64
		{702511CB-908C-4742-8133-5E1818049AA0}.Debug|x86.ActiveCfg = Debug|x86
		{702511CB-908C-4742-8133-5E1818049AA0}.Debug|x86.Build.0 = Debug|x86
		{702511CB-908C-4742-8133-5E1818049AA0}.Debug|x86.Deploy.0 = Debug|x86
		{702511CB-908C-4742-8133-5E1818049AA0}.Release|Any CPU.ActiveCfg = Release|x86
		{702511CB-908C-4742-8133-5E1818049AA0}.Release|Any CPU.Build.0 = Release|x86
		{702511CB-908C-4742-8133-5E1818049AA0}.Release|ARM64.ActiveCfg = Release|ARM64
		{702511CB-908C-4742-8133-5E1818049AA0}.Release|ARM64.Build.0 = Release|ARM64
		{702511CB-908C-4742-8133-5E1818049AA0}.Release|ARM64.Deploy.0 = Release|ARM64
		{702511CB-908C-4742-8133-5E1818049AA0}.Release|x64.ActiveCfg = Release|x64
		{702511CB-908C-4742-8133-5E1818049AA0}.Release|x64.Build.0 = Release|x64
		{702511CB-908C-4742-8133-5E1818049AA0}.Release|x64.Deploy.0 = Release|x64
		{702511CB-908C-4742-8133-5E1818049AA0}.Release|x86.ActiveCfg = Release|x86
		{702511CB-908C-4742-8133-5E1818049AA0}.Release|x86.Build.0 = Release|x86
		{702511CB-908C-4742-8133-5E1818049AA0}.Release|x86.Deploy.0 = Release|x86
		{78515480-5D50-4FC9-BFA0-D5476A47F308}.Debug|Any CPU.ActiveCfg = Debug|x86
		{78515480-5D50-4FC9-BFA0-D5476A47F308}.Debug|Any CPU.Build.0 = Debug|x86
		{78515480-5D50-4FC9-BFA0-D5476A47F308}.Debug|ARM64.ActiveCfg = Debug|ARM64
		{78515480-5D50-4FC9-BFA0-D5476A47F308}.Debug|ARM64.Build.0 = Debug|ARM64
		{78515480-5D50-4FC9-BFA0-D5476A47F308}.Debug|ARM64.Deploy.0 = Debug|ARM64
		{78515480-5D50-4FC9-BFA0-D5476A47F308}.Debug|x64.ActiveCfg = Debug|x64
		{78515480-5D50-4FC9-BFA0-D5476A47F308}.Debug|x64.Build.0 = Debug|x64
		{78515480-5D50-4FC9-BFA0-D5476A47F308}.Debug|x64.Deploy.0 = Debug|x64
		{78515480-5D50-4FC9-BFA0-D5476A47F308}.Debug|x86.ActiveCfg = Debug|x86
		{78515480-5D50-4FC9-BFA0-D5476A47F308}.Debug|x86.Build.0 = Debug|x86
		{78515480-5D50-4FC9-BFA0-D5476A47F308}.Debug|x86.Deploy.0 = Debug|x86
		{78515480-5D50-4FC9-BFA0-D5476A47F308}.Release|Any CPU.ActiveCfg = Release|x86
		{78515480-5D50-4FC9-BFA0-D5476A47F308}.Release|Any CPU.Build.0 = Release|x86
		{78515480-5D50-4FC9-BFA0-D5476A47F308}.Release|ARM64.ActiveCfg = Release|ARM64
		{78515480-5D50-4FC9-BFA0-D5476A47F308}.Release|ARM64.Build.0 = Release|ARM64
		{78515480-5D50-4FC9-BFA0-D5476A47F308}.Release|ARM64.Deploy.0 = Release|ARM64
		{78515480-5D50-4FC9-BFA0-D5476A47F308}.Release|x64.ActiveCfg = Release|x64
		{78515480-5D50-4FC9-BFA0-D5476A47F308}.Release|x64.Build.0 = Release|x64
		{78515480-5D50-4FC9-BFA0-D5476A47F308}.Release|x64.Deploy.0 = Release|x64
		{78515480-5D50-4FC9-BFA0-D5476A47F308}.Release|x86.ActiveCfg = Release|x86
		{78515480-5D50-4FC9-BFA0-D5476A47F308}.Release|x86.Build.0 = Release|x86
		{78515480-5D50-4FC9-BFA0-D5476A47F308}.Release|x86.Deploy.0 = Release|x86
	EndGlobalSection
	GlobalSection(SolutionProperties) = preSolution
		HideSolutionNode = FALSE
	EndGlobalSection
EndGlobal
